
Microsoft Visual Studio Solution File, Format Version 12.00
# Visual Studio Version 16
VisualStudioVersion = 16.0.34601.136
MinimumVisualStudioVersion = 10.0.40219.1
Project("{FAE04EC0-301F-11D3-BF4B-00C04F79EFBC}") = "ejemplo1", "ejemplo1\ejemplo1.csproj", "{B26C1F76-BC01-4023-835F-6A3C2EC0E562}"
EndProject
Global
	GlobalSection(SolutionConfigurationPlatforms) = preSolution
		Debug|Any CPU = Debug|Any CPU
		Release|Any CPU = Release|Any CPU
	EndGlobalSection
	GlobalSection(ProjectConfigurationPlatforms) = postSolution
		{B26C1F76-BC01-4023-835F-6A3C2EC0E562}.Debug|Any CPU.ActiveCfg = Debug|Any CPU
		{B26C1F76-BC01-4023-835F-6A3C2EC0E562}.Debug|Any CPU.Build.0 = Debug|Any CPU
		{B26C1F76-BC01-4023-835F-6A3C2EC0E562}.Release|Any CPU.ActiveCfg = Release|Any CPU
		{B26C1F76-BC01-4023-835F-6A3C2EC0E562}.Release|Any CPU.Build.0 = Release|Any CPU
	EndGlobalSection
	GlobalSection(SolutionProperties) = preSolution
		HideSolutionNode = FALSE
	EndGlobalSection
	GlobalSection(ExtensibilityGlobals) = postSolution
		SolutionGuid = {EF5C2EBC-5993-4489-936D-0E2339BFA1CB}
	EndGlobalSection
EndGlobal
